<?xml version="1.0" encoding="utf-8"?>
<Project ToolsVersion="4.0" xmlns="http://schemas.microsoft.com/developer/msbuild/2003">
  <ItemGroup>
    <Filter Include="Source Files">
      <UniqueIdentifier>{4FC737F1-C7A5-4376-A066-2A32D752A2FF}</UniqueIdentifier>
      <Extensions>cpp;c;cc;cxx;c++;cppm;ixx;def;odl;idl;hpj;bat;asm;asmx</Extensions>
    </Filter>
    <Filter Include="Resource Files">
      <UniqueIdentifier>{67DA6AB6-F800-4c08-8B7A-83BB121AAD01}</UniqueIdentifier>
      <Extensions>rc;ico;cur;bmp;dlg;rc2;rct;bin;rgs;gif;jpg;jpeg;jpe;resx;tiff;tif;png;wav;mfcribbon-ms</Extensions>
    </Filter>
    <Filter Include="LabCode">
      <UniqueIdentifier>{06676004-7a94-477a-b42c-efd30792b888}</UniqueIdentifier>
    </Filter>
    <Filter Include="LabCode\ServiceLocator">
      <UniqueIdentifier>{88b39392-2014-4290-add3-8bac08c0567c}</UniqueIdentifier>
    </Filter>
    <Filter Include="LabCode\ServiceLocator\SoundService">
      <UniqueIdentifier>{6d345d4c-1c73-4ad5-af25-95c83d3db165}</UniqueIdentifier>
    </Filter>
    <Filter Include="LabCode\ServiceLocator\SoundService\Derived">
      <UniqueIdentifier>{79444fd1-f248-44c5-86c7-ffee740ef5e8}</UniqueIdentifier>
    </Filter>
    <Filter Include="Qbert">
      <UniqueIdentifier>{8b3f0192-7b8d-4d70-8d74-1187105e7f29}</UniqueIdentifier>
    </Filter>
    <Filter Include="Qbert\Common">
      <UniqueIdentifier>{23f8640a-8964-438f-99bc-216d5ad50cc8}</UniqueIdentifier>
    </Filter>
    <Filter Include="Qbert\Player">
      <UniqueIdentifier>{9835ab26-e6e2-40a7-9ef3-75129c33e056}</UniqueIdentifier>
    </Filter>
    <Filter Include="Qbert\Scenes">
      <UniqueIdentifier>{0d805a51-d15c-4308-a6f3-be700614a277}</UniqueIdentifier>
    </Filter>
  </ItemGroup>
  <ItemGroup>
    <ClCompile Include="Game.cpp">
      <Filter>Source Files</Filter>
    </ClCompile>
    <ClCompile Include="SdlSoundService.cpp">
      <Filter>LabCode\ServiceLocator\SoundService\Derived</Filter>
    </ClCompile>
    <ClCompile Include="SoundEffect.cpp">
      <Filter>LabCode\ServiceLocator\SoundService\Derived</Filter>
    </ClCompile>
    <ClCompile Include="LoggingSoundService.cpp">
      <Filter>LabCode\ServiceLocator\SoundService\Derived</Filter>
    </ClCompile>
    <ClCompile Include="Pyramid.cpp">
      <Filter>Qbert</Filter>
    </ClCompile>
    <ClCompile Include="HelperFunctions.cpp">
      <Filter>Qbert\Common</Filter>
    </ClCompile>
    <ClCompile Include="Stats.cpp">
      <Filter>Qbert\Player</Filter>
    </ClCompile>
    <ClCompile Include="Qbert.cpp">
      <Filter>Qbert\Player</Filter>
    </ClCompile>
    <ClCompile Include="LevelScene.cpp">
      <Filter>Qbert\Scenes</Filter>
    </ClCompile>
  </ItemGroup>
  <ItemGroup>
    <ClInclude Include="ServiceLocator.h">
      <Filter>LabCode\ServiceLocator</Filter>
    </ClInclude>
    <ClInclude Include="ISoundService.h">
      <Filter>LabCode\ServiceLocator\SoundService</Filter>
    </ClInclude>
    <ClInclude Include="NullSoundService.h">
      <Filter>LabCode\ServiceLocator\SoundService\Derived</Filter>
    </ClInclude>
    <ClInclude Include="SdlSoundService.h">
      <Filter>LabCode\ServiceLocator\SoundService\Derived</Filter>
    </ClInclude>
    <ClInclude Include="SoundEffect.h">
      <Filter>LabCode\ServiceLocator\SoundService\Derived</Filter>
    </ClInclude>
    <ClInclude Include="LoggingSoundService.h">
      <Filter>LabCode\ServiceLocator\SoundService\Derived</Filter>
    </ClInclude>
    <ClInclude Include="Pyramid.h">
      <Filter>Qbert</Filter>
    </ClInclude>
    <ClInclude Include="Enums.h">
      <Filter>Qbert\Common</Filter>
    </ClInclude>
    <ClInclude Include="HelperFunctions.h">
      <Filter>Qbert\Common</Filter>
    </ClInclude>
    <ClInclude Include="Stats.h">
      <Filter>Qbert\Player</Filter>
    </ClInclude>
    <ClInclude Include="Qbert.h">
      <Filter>Qbert\Player</Filter>
    </ClInclude>
    <ClInclude Include="Commands.h">
      <Filter>Qbert\Common</Filter>
    </ClInclude>
    <ClInclude Include="LevelScene.h">
      <Filter>Qbert\Scenes</Filter>
    </ClInclude>
  </ItemGroup>
</Project>