<?xml version="1.0" encoding="utf-8"?>
<Project ToolsVersion="4.0" xmlns="http://schemas.microsoft.com/developer/msbuild/2003">
  <ItemGroup>
    <Filter Include="Resource Files">
      <UniqueIdentifier>{67DA6AB6-F800-4c08-8B7A-83BB121AAD01}</UniqueIdentifier>
      <Extensions>rc;ico;cur;bmp;dlg;rc2;rct;bin;rgs;gif;jpg;jpeg;jpe;resx;tiff;tif;png;wav;mfcribbon-ms</Extensions>
    </Filter>
    <Filter Include="Components">
      <UniqueIdentifier>{846878b9-2b47-4d5e-9d8b-be47ee43712e}</UniqueIdentifier>
    </Filter>
    <Filter Include="Managers">
      <UniqueIdentifier>{d974bfb5-76fa-46d3-b041-737fc254035d}</UniqueIdentifier>
    </Filter>
    <Filter Include="GameObjects">
      <UniqueIdentifier>{e96ca81d-cc7a-4536-b91a-52792fc67f02}</UniqueIdentifier>
    </Filter>
    <Filter Include="Core">
      <UniqueIdentifier>{46151737-9725-43e6-b433-98fe72599b31}</UniqueIdentifier>
    </Filter>
    <Filter Include="Common">
      <UniqueIdentifier>{50c47bdf-6f76-45b8-8aa2-b2cad3fa4577}</UniqueIdentifier>
    </Filter>
    <Filter Include="Imgui">
      <UniqueIdentifier>{b58c9018-f978-4d86-8082-765b8234abbc}</UniqueIdentifier>
    </Filter>
    <Filter Include="Managers\Inputs">
      <UniqueIdentifier>{15c6569b-2ebc-448c-b0ee-75a463c0d6a4}</UniqueIdentifier>
    </Filter>
    <Filter Include="Interfaces">
      <UniqueIdentifier>{3294469d-348e-45ff-ab24-35c6fbd199c0}</UniqueIdentifier>
    </Filter>
    <Filter Include="Resources">
      <UniqueIdentifier>{fb712fc2-ea2c-4378-a116-80dd821e4cc3}</UniqueIdentifier>
    </Filter>
    <Filter Include="Resources\Loaders">
      <UniqueIdentifier>{a519b651-7548-4e28-a41b-b8bf099c3c72}</UniqueIdentifier>
    </Filter>
    <Filter Include="Components\UI">
      <UniqueIdentifier>{880d8f6f-3eb9-4091-a7d8-194dd6144adf}</UniqueIdentifier>
    </Filter>
  </ItemGroup>
  <ItemGroup>
    <ClInclude Include="GameObject.h">
      <Filter>GameObjects</Filter>
    </ClInclude>
    <ClInclude Include="ResourceManager.h">
      <Filter>Managers</Filter>
    </ClInclude>
    <ClInclude Include="SceneManager.h">
      <Filter>Managers</Filter>
    </ClInclude>
    <ClInclude Include="TimeSettings.h">
      <Filter>Managers</Filter>
    </ClInclude>
    <ClInclude Include="Core.h">
      <Filter>Core</Filter>
    </ClInclude>
    <ClInclude Include="Singleton.h">
      <Filter>Managers</Filter>
    </ClInclude>
    <ClInclude Include="Enum.h">
      <Filter>Common</Filter>
    </ClInclude>
    <ClInclude Include="TextComponent.h">
      <Filter>Components</Filter>
    </ClInclude>
    <ClInclude Include="Delegate.h">
      <Filter>Common</Filter>
    </ClInclude>
    <ClInclude Include="TextureComponent.h">
      <Filter>Components</Filter>
    </ClInclude>
    <ClInclude Include="IComponent.h">
      <Filter>Components</Filter>
    </ClInclude>
    <ClInclude Include="Renderer.h">
      <Filter>Core</Filter>
    </ClInclude>
    <ClInclude Include="Scene.h">
      <Filter>Core</Filter>
    </ClInclude>
    <ClInclude Include="..\3rdParty\imgui\imconfig.h">
      <Filter>Imgui</Filter>
    </ClInclude>
    <ClInclude Include="..\3rdParty\imgui\imgui.h">
      <Filter>Imgui</Filter>
    </ClInclude>
    <ClInclude Include="..\3rdParty\imgui\imgui_internal.h">
      <Filter>Imgui</Filter>
    </ClInclude>
    <ClInclude Include="..\3rdParty\imgui\imstb_rectpack.h">
      <Filter>Imgui</Filter>
    </ClInclude>
    <ClInclude Include="..\3rdParty\imgui\imstb_textedit.h">
      <Filter>Imgui</Filter>
    </ClInclude>
    <ClInclude Include="..\3rdParty\imgui\imstb_truetype.h">
      <Filter>Imgui</Filter>
    </ClInclude>
    <ClInclude Include="..\3rdParty\imgui\backends\imgui_impl_opengl2.h">
      <Filter>Imgui</Filter>
    </ClInclude>
    <ClInclude Include="..\3rdParty\imgui\backends\imgui_impl_sdl.h">
      <Filter>Imgui</Filter>
    </ClInclude>
    <ClInclude Include="Command.h">
      <Filter>Common</Filter>
    </ClInclude>
    <ClInclude Include="InputManager.h">
      <Filter>Managers\Inputs</Filter>
    </ClInclude>
    <ClInclude Include="Input.h">
      <Filter>Managers\Inputs</Filter>
    </ClInclude>
    <ClInclude Include="Subject.h">
      <Filter>Interfaces</Filter>
    </ClInclude>
    <ClInclude Include="Transform.h">
      <Filter>GameObjects</Filter>
    </ClInclude>
    <ClInclude Include="Texture2D.h">
      <Filter>Resources</Filter>
    </ClInclude>
    <ClInclude Include="Font.h">
      <Filter>Resources</Filter>
    </ClInclude>
    <ClInclude Include="SpriteComponent.h">
      <Filter>Components</Filter>
    </ClInclude>
    <ClInclude Include="IResource.h">
      <Filter>Resources</Filter>
    </ClInclude>
    <ClInclude Include="ILoader.h">
      <Filter>Resources\Loaders</Filter>
    </ClInclude>
    <ClInclude Include="Texture2DLoader.h">
      <Filter>Resources\Loaders</Filter>
    </ClInclude>
    <ClInclude Include="FontLoader.h">
      <Filter>Resources\Loaders</Filter>
    </ClInclude>
    <ClInclude Include="Helpers.h">
      <Filter>Common</Filter>
    </ClInclude>
    <ClInclude Include="PhysicsHandler.h">
      <Filter>Core</Filter>
    </ClInclude>
    <ClInclude Include="RigidBody.h">
      <Filter>Components</Filter>
    </ClInclude>
    <ClInclude Include="Logger.h" />
    <ClInclude Include="Button.h">
      <Filter>Components\UI</Filter>
    </ClInclude>
    <ClInclude Include="GameModeManager.h">
      <Filter>Managers</Filter>
    </ClInclude>
    <ClInclude Include="GameMode.h">
      <Filter>Core</Filter>
    </ClInclude>
  </ItemGroup>
  <ItemGroup>
    <ClCompile Include="GameObject.cpp">
      <Filter>GameObjects</Filter>
    </ClCompile>
    <ClCompile Include="ResourceManager.cpp">
      <Filter>Managers</Filter>
    </ClCompile>
    <ClCompile Include="SceneManager.cpp">
      <Filter>Managers</Filter>
    </ClCompile>
    <ClCompile Include="TimeSettings.cpp">
      <Filter>Managers</Filter>
    </ClCompile>
    <ClCompile Include="Core.cpp">
      <Filter>Core</Filter>
    </ClCompile>
    <ClCompile Include="TextComponent.cpp">
      <Filter>Components</Filter>
    </ClCompile>
    <ClCompile Include="TextureComponent.cpp">
      <Filter>Components</Filter>
    </ClCompile>
    <ClCompile Include="Renderer.cpp">
      <Filter>Core</Filter>
    </ClCompile>
    <ClCompile Include="Scene.cpp">
      <Filter>Core</Filter>
    </ClCompile>
    <ClCompile Include="..\3rdParty\imgui\imgui.cpp">
      <Filter>Imgui</Filter>
    </ClCompile>
    <ClCompile Include="..\3rdParty\imgui\imgui_demo.cpp">
      <Filter>Imgui</Filter>
    </ClCompile>
    <ClCompile Include="..\3rdParty\imgui\imgui_draw.cpp">
      <Filter>Imgui</Filter>
    </ClCompile>
    <ClCompile Include="..\3rdParty\imgui\imgui_tables.cpp">
      <Filter>Imgui</Filter>
    </ClCompile>
    <ClCompile Include="..\3rdParty\imgui\imgui_widgets.cpp">
      <Filter>Imgui</Filter>
    </ClCompile>
    <ClCompile Include="..\3rdParty\imgui\backends\imgui_impl_opengl2.cpp">
      <Filter>Imgui</Filter>
    </ClCompile>
    <ClCompile Include="..\3rdParty\imgui\backends\imgui_impl_sdl.cpp">
      <Filter>Imgui</Filter>
    </ClCompile>
    <ClCompile Include="InputManager.cpp">
      <Filter>Managers\Inputs</Filter>
    </ClCompile>
    <ClCompile Include="Input.cpp">
      <Filter>Managers\Inputs</Filter>
    </ClCompile>
    <ClCompile Include="IObserver.h">
      <Filter>Interfaces</Filter>
    </ClCompile>
    <ClCompile Include="Transform.cpp">
      <Filter>GameObjects</Filter>
    </ClCompile>
    <ClCompile Include="Font.cpp">
      <Filter>Resources</Filter>
    </ClCompile>
    <ClCompile Include="Texture2D.cpp">
      <Filter>Resources</Filter>
    </ClCompile>
    <ClCompile Include="SpriteComponent.cpp">
      <Filter>Components</Filter>
    </ClCompile>
    <ClCompile Include="IResource.cpp">
      <Filter>Resources</Filter>
    </ClCompile>
    <ClCompile Include="Texture2DLoader.cpp">
      <Filter>Resources\Loaders</Filter>
    </ClCompile>
    <ClCompile Include="FontLoader.cpp">
      <Filter>Resources\Loaders</Filter>
    </ClCompile>
    <ClCompile Include="Helpers.cpp">
      <Filter>Common</Filter>
    </ClCompile>
    <ClCompile Include="PhysicsHandler.cpp">
      <Filter>Core</Filter>
    </ClCompile>
    <ClCompile Include="RigidBody.cpp">
      <Filter>Components</Filter>
    </ClCompile>
    <ClCompile Include="Logger.cpp" />
    <ClCompile Include="Button.cpp">
      <Filter>Components\UI</Filter>
    </ClCompile>
    <ClCompile Include="GameModeManager.cpp">
      <Filter>Managers</Filter>
    </ClCompile>
    <ClCompile Include="GameMode.cpp">
      <Filter>Core</Filter>
    </ClCompile>
  </ItemGroup>
</Project>